
Microsoft Visual Studio Solution File, Format Version 12.00
# Visual Studio Version 16
VisualStudioVersion = 16.0.31410.357
MinimumVisualStudioVersion = 10.0.40219.1
Project("{9A19103F-16F7-4668-BE54-9A1E7A4F7556}") = "BlazorBattles.Server", "Server\BlazorBattles.Server.csproj", "{19B9A8E0-910D-4EE9-831E-E7CBBEABA820}"
EndProject
Project("{9A19103F-16F7-4668-BE54-9A1E7A4F7556}") = "BlazorBattles.Client", "Client\BlazorBattles.Client.csproj", "{4BB8AE1E-F48C-4565-9133-0FBCB6A2A4B6}"
EndProject
Project("{9A19103F-16F7-4668-BE54-9A1E7A4F7556}") = "BlazorBattles.Shared", "Shared\BlazorBattles.Shared.csproj", "{B831FE8A-D86F-4F2E-89F5-72122077EBD0}"
EndProject
Global
	GlobalSection(SolutionConfigurationPlatforms) = preSolution
		Debug|Any CPU = Debug|Any CPU
		Release|Any CPU = Release|Any CPU
	EndGlobalSection
	GlobalSection(ProjectConfigurationPlatforms) = postSolution
		{19B9A8E0-910D-4EE9-831E-E7CBBEABA820}.Debug|Any CPU.ActiveCfg = Debug|Any CPU
		{19B9A8E0-910D-4EE9-831E-E7CBBEABA820}.Debug|Any CPU.Build.0 = Debug|Any CPU
		{19B9A8E0-910D-4EE9-831E-E7CBBEABA820}.Release|Any CPU.ActiveCfg = Release|Any CPU
		{19B9A8E0-910D-4EE9-831E-E7CBBEABA820}.Release|Any CPU.Build.0 = Release|Any CPU
		{4BB8AE1E-F48C-4565-9133-0FBCB6A2A4B6}.Debug|Any CPU.ActiveCfg = Debug|Any CPU
		{4BB8AE1E-F48C-4565-9133-0FBCB6A2A4B6}.Debug|Any CPU.Build.0 = Debug|Any CPU
		{4BB8AE1E-F48C-4565-9133-0FBCB6A2A4B6}.Release|Any CPU.ActiveCfg = Release|Any CPU
		{4BB8AE1E-F48C-4565-9133-0FBCB6A2A4B6}.Release|Any CPU.Build.0 = Release|Any CPU
		{B831FE8A-D86F-4F2E-89F5-72122077EBD0}.Debug|Any CPU.ActiveCfg = Debug|Any CPU
		{B831FE8A-D86F-4F2E-89F5-72122077EBD0}.Debug|Any CPU.Build.0 = Debug|Any CPU
		{B831FE8A-D86F-4F2E-89F5-72122077EBD0}.Release|Any CPU.ActiveCfg = Release|Any CPU
		{B831FE8A-D86F-4F2E-89F5-72122077EBD0}.Release|Any CPU.Build.0 = Release|Any CPU
	EndGlobalSection
	GlobalSection(SolutionProperties) = preSolution
		HideSolutionNode = FALSE
	EndGlobalSection
	GlobalSection(ExtensibilityGlobals) = postSolution
		SolutionGuid = {212F0C2D-64CF-436F-A825-940C303A9438}
	EndGlobalSection
EndGlobal
